<?xml version="1.0" encoding="UTF-8" standalone="yes" ?>
<CodeBlocks_project_file>
	<FileVersion major="1" minor="6" />
	<Project>
		<Option title="CZombieGame" />
		<Option pch_mode="2" />
		<Option compiler="gcc" />
		<Build>
			<Target title="Debug">
				<Option output="bin/Debug/CZombieGame" prefix_auto="1" extension_auto="1" />
				<Option object_output="obj/Debug/" />
				<Option type="1" />
				<Option compiler="gcc" />
				<Compiler>
					<Add option="-g" />
					<Add option="-std=c11" />
					<Add directory="C:/SDL2-2.0.3/include/SDL2" />
				</Compiler>
				<Linker>
					<Add option="-lmingw32 -lSDL2main -lSDL2 -lSDL2_image -lSDL2_ttf -Wall -Wextra" />
					<Add directory="C:/SDL2-2.0.3/lib" />
				</Linker>
			</Target>
			<Target title="Release">
				<Option output="bin/Release/CZombieGame" prefix_auto="1" extension_auto="1" />
				<Option object_output="obj/Release/" />
				<Option type="1" />
				<Option compiler="gcc" />
				<Compiler>
					<Add option="-O2" />
				</Compiler>
				<Linker>
					<Add option="-s" />
				</Linker>
			</Target>
		</Build>
		<Compiler>
			<Add option="-Wall" />
		</Compiler>
		<Unit filename="ball.c">
			<Option compilerVar="CC" />
		</Unit>
		<Unit filename="bonus.c">
			<Option compilerVar="CC" />
		</Unit>
		<Unit filename="bonus.h" />
		<Unit filename="boundingBox.c">
			<Option compilerVar="CC" />
		</Unit>
		<Unit filename="boundingBox.h" />
		<Unit filename="bullet.c">
			<Option compilerVar="CC" />
		</Unit>
		<Unit filename="bullet.h" />
		<Unit filename="button.h" />
		<Unit filename="camera.c">
			<Option compilerVar="CC" />
		</Unit>
		<Unit filename="camera.h" />
		<Unit filename="common.c">
			<Option compilerVar="CC" />
		</Unit>
		<Unit filename="common.h" />
		<Unit filename="controls.c">
			<Option compilerVar="CC" />
		</Unit>
		<Unit filename="controls.h" />
		<Unit filename="dirent.h" />
		<Unit filename="door.c">
			<Option compilerVar="CC" />
		</Unit>
		<Unit filename="door.h" />
		<Unit filename="entity.c">
			<Option compilerVar="CC" />
		</Unit>
		<Unit filename="entity.h" />
		<Unit filename="explosion.c">
			<Option compilerVar="CC" />
		</Unit>
		<Unit filename="explosion.h" />
		<Unit filename="explosive.c">
			<Option compilerVar="CC" />
		</Unit>
		<Unit filename="explosive.h" />
		<Unit filename="gameManager.c">
			<Option compilerVar="CC" />
		</Unit>
		<Unit filename="gameManager.h" />
		<Unit filename="graphics.c">
			<Option compilerVar="CC" />
		</Unit>
		<Unit filename="graphics.h" />
		<Unit filename="levelEditor.c">
			<Option compilerVar="CC" />
		</Unit>
		<Unit filename="levelEditor.h" />
		<Unit filename="main.c">
			<Option compilerVar="CC" />
		</Unit>
		<Unit filename="map.c">
			<Option compilerVar="CC" />
		</Unit>
		<Unit filename="menu.c">
			<Option compilerVar="CC" />
		</Unit>
		<Unit filename="menu.h" />
		<Unit filename="menu_button.c">
			<Option compilerVar="CC" />
		</Unit>
		<Unit filename="menu_button.h" />
		<Unit filename="menu_manager.c">
			<Option compilerVar="CC" />
		</Unit>
		<Unit filename="menu_manager.h" />
		<Unit filename="player.c">
			<Option compilerVar="CC" />
		</Unit>
		<Unit filename="player.h" />
		<Unit filename="string.h" />
		<Unit filename="thing.c">
			<Option compilerVar="CC" />
		</Unit>
		<Unit filename="thing.h" />
		<Unit filename="ui.h" />
		<Unit filename="vector.c">
			<Option compilerVar="CC" />
		</Unit>
		<Unit filename="vector.h" />
		<Unit filename="wall.c">
			<Option compilerVar="CC" />
		</Unit>
		<Unit filename="wall.h" />
		<Unit filename="weapon.c">
			<Option compilerVar="CC" />
		</Unit>
		<Unit filename="weapon.h" />
		<Unit filename="weapons_component.c">
			<Option compilerVar="CC" />
		</Unit>
		<Unit filename="weapons_component.h" />
		<Unit filename="window.c">
			<Option compilerVar="CC" />
		</Unit>
		<Unit filename="window.h" />
		<Unit filename="world.c">
			<Option compilerVar="CC" />
		</Unit>
		<Unit filename="world.h" />
		<Unit filename="zombie.c">
			<Option compilerVar="CC" />
		</Unit>
		<Unit filename="zombie.h" />
		<Extensions>
			<code_completion />
			<envvars />
			<debugger />
			<lib_finder disable_auto="1" />
		</Extensions>
	</Project>
</CodeBlocks_project_file>
